lockfileVersion: '6.0'

dependencies:
  '@rescript/core':
    specifier: ^0.5.0
    version: 0.5.0(rescript@10.1.4)
  rescript:
    specifier: ^10.1.4
    version: 10.1.4
  rescript-webapi:
    specifier: ^0.8.0
    version: 0.8.0

packages:

  /@rescript/core@0.5.0(rescript@10.1.4):
    resolution: {integrity: sha512-Keqnpi+8VqyhCk/3aMwar8hJbNy2IsINAAfIFeQC65IIegCR0QXFDBpQxfVcmbbtoHq6HnW4B3RLm/9GCUJQhQ==}
    peerDependencies:
      rescript: ^10.1.0 || ^11.0.0-alpha.0 || next
    dependencies:
      rescript: 10.1.4
    dev: false

  /rescript-webapi@0.8.0:
    resolution: {integrity: sha512-PdjHqho8+kI7AIC3DlLgD99H8zzHphzpIhyv2skVtWaSJGK819+ZqWMC3mHEtSjlcFoYaLXliNt8sb6Taa2Mpg==}
    dev: false

  /rescript@10.1.4:
    resolution: {integrity: sha512-FFKlS9AG/XrLepWsyw7B+A9DtQBPWEPDPDKghV831Y2KGbie+eeFBOS0xtRHp0xbt7S0N2Dm6hhX+kTZQ/3Ybg==}
    hasBin: true
    requiresBuild: true
    dev: false
