lockfileVersion: '6.0'

dependencies:
  '@rescript/core':
    specifier: ^0.5.0
    version: 0.5.0(rescript@11.0.0-rc.2)
  '@rescript/react':
    specifier: ^0.11.0
    version: 0.11.0(react-dom@18.2.0)(react@18.2.0)
  react:
    specifier: ^18.2.0
    version: 18.2.0
  rescript:
    specifier: 11.0.0-rc.2
    version: 11.0.0-rc.2
  rescript-struct:
    specifier: ^5.0.1
    version: 5.0.1(rescript@11.0.0-rc.2)
  rescript-webapi:
    specifier: ^0.9.0
    version: 0.9.0

packages:

  /@rescript/core@0.5.0(rescript@11.0.0-rc.2):
    resolution: {integrity: sha512-Keqnpi+8VqyhCk/3aMwar8hJbNy2IsINAAfIFeQC65IIegCR0QXFDBpQxfVcmbbtoHq6HnW4B3RLm/9GCUJQhQ==}
    peerDependencies:
      rescript: ^10.1.0 || ^11.0.0-alpha.0 || next
    dependencies:
      rescript: 11.0.0-rc.2
    dev: false

  /@rescript/react@0.11.0(react-dom@18.2.0)(react@18.2.0):
    resolution: {integrity: sha512-RzoAO+3cJwXE2D7yodMo4tBO2EkeDYCN/I/Sj/yRweI3S1CY1ZBOF/GMcVtjeIurJJt7KMveqQXTaRrqoGZBBg==}
    peerDependencies:
      react: '>=18.0.0'
      react-dom: '>=18.0.0'
    dependencies:
      react: 18.2.0
      react-dom: 18.2.0(react@18.2.0)
    dev: false

  /js-tokens@4.0.0:
    resolution: {integrity: sha512-RdJUflcE3cUzKiMqQgsCu06FPu9UdIJO0beYbPhHN4k6apgJtifcoCtT9bcxOpYBtpD2kCM6Sbzg4CausW/PKQ==}
    dev: false

  /loose-envify@1.4.0:
    resolution: {integrity: sha512-lyuxPGr/Wfhrlem2CL/UcnUc1zcqKAImBDzukY7Y5F/yQiNdko6+fRLevlw1HgMySw7f611UIY408EtxRSoK3Q==}
    hasBin: true
    dependencies:
      js-tokens: 4.0.0
    dev: false

  /react-dom@18.2.0(react@18.2.0):
    resolution: {integrity: sha512-6IMTriUmvsjHUjNtEDudZfuDQUoWXVxKHhlEGSk81n4YFS+r/Kl99wXiwlVXtPBtJenozv2P+hxDsw9eA7Xo6g==}
    peerDependencies:
      react: ^18.2.0
    dependencies:
      loose-envify: 1.4.0
      react: 18.2.0
      scheduler: 0.23.0
    dev: false

  /react@18.2.0:
    resolution: {integrity: sha512-/3IjMdb2L9QbBdWiW5e3P2/npwMBaU9mHCSCUzNln0ZCYbcfTsGbTJrU/kGemdH2IWmB2ioZ+zkxtmq6g09fGQ==}
    engines: {node: '>=0.10.0'}
    dependencies:
      loose-envify: 1.4.0
    dev: false

  /rescript-struct@5.0.1(rescript@11.0.0-rc.2):
    resolution: {integrity: sha512-r3ev3InqPxaBSL/vlyMSHV1vUoVEW3yKZa9gPYgpDDznAky3v+UznFkdIBdRf9gJcTfCk9vvA+GyfePM7c37eA==}
    peerDependencies:
      rescript: 11.0.x || ~11.0.0-rc
    dependencies:
      rescript: 11.0.0-rc.2
    dev: false

  /rescript-webapi@0.9.0:
    resolution: {integrity: sha512-Q6I0OqaboCT2Z9VMXYM6pjzYKJani8NEiD6e9TFzRqb2nPjO2I0p4FG/8ZkYRr2JZlgTF/VsMQGuQ7+buHAbDg==}
    dev: false

  /rescript@11.0.0-rc.2:
    resolution: {integrity: sha512-NNRxTJTW9NKtao6VmxdGyQfluZf36MAmGsWUp4a7Vkar4xF+xpKUjegS0c76VMOQ7fs3PCOoc5ODg4BW1TvZOA==}
    engines: {node: '>=10'}
    hasBin: true
    requiresBuild: true
    dev: false

  /scheduler@0.23.0:
    resolution: {integrity: sha512-CtuThmgHNg7zIZWAXi3AsyIzA3n4xx7aNyjwC2VJldO2LMVDhFK+63xGqq6CsJH4rTAt6/M+N4GhZiDYPx9eUw==}
    dependencies:
      loose-envify: 1.4.0
    dev: false
